
Microsoft Visual Studio Solution File, Format Version 12.00
# Visual Studio 2013
VisualStudioVersion = 12.0.31101.0
MinimumVisualStudioVersion = 10.0.40219.1
Project("{FAE04EC0-301F-11D3-BF4B-00C04F79EFBC}") = "FactoryModel", "FactoryModel.csproj", "{26210CC9-FCC8-4CCE-B5F0-C8414DF68858}"
EndProject
Project("{FAE04EC0-301F-11D3-BF4B-00C04F79EFBC}") = "AbstractFoatory", "..\AbstractFoatory\AbstractFoatory.csproj", "{3156F9D3-CA1F-4B22-A796-FEF46D45A97B}"
EndProject
Global
	GlobalSection(SolutionConfigurationPlatforms) = preSolution
		Debug|Any CPU = Debug|Any CPU
		Release|Any CPU = Release|Any CPU
	EndGlobalSection
	GlobalSection(ProjectConfigurationPlatforms) = postSolution
		{26210CC9-FCC8-4CCE-B5F0-C8414DF68858}.Debug|Any CPU.ActiveCfg = Debug|Any CPU
		{26210CC9-FCC8-4CCE-B5F0-C8414DF68858}.Debug|Any CPU.Build.0 = Debug|Any CPU
		{26210CC9-FCC8-4CCE-B5F0-C8414DF68858}.Release|Any CPU.ActiveCfg = Release|Any CPU
		{26210CC9-FCC8-4CCE-B5F0-C8414DF68858}.Release|Any CPU.Build.0 = Release|Any CPU
		{3156F9D3-CA1F-4B22-A796-FEF46D45A97B}.Debug|Any CPU.ActiveCfg = Debug|Any CPU
		{3156F9D3-CA1F-4B22-A796-FEF46D45A97B}.Debug|Any CPU.Build.0 = Debug|Any CPU
		{3156F9D3-CA1F-4B22-A796-FEF46D45A97B}.Release|Any CPU.ActiveCfg = Release|Any CPU
		{3156F9D3-CA1F-4B22-A796-FEF46D45A97B}.Release|Any CPU.Build.0 = Release|Any CPU
	EndGlobalSection
	GlobalSection(SolutionProperties) = preSolution
		HideSolutionNode = FALSE
	EndGlobalSection
EndGlobal
