
Microsoft Visual Studio Solution File, Format Version 12.00
# Visual Studio 2013
VisualStudioVersion = 12.0.31101.0
MinimumVisualStudioVersion = 10.0.40219.1
Project("{FAE04EC0-301F-11D3-BF4B-00C04F79EFBC}") = "MVC4Demo", "MVC4Demo\MVC4Demo.csproj", "{E806D382-E713-44D4-91A6-FFD03139FD8F}"
EndProject
Project("{FAE04EC0-301F-11D3-BF4B-00C04F79EFBC}") = "设计模式", "设计模式\设计模式.csproj", "{3D2FCD46-FCCA-48FC-85C8-A52CD731FFA5}"
EndProject
Global
	GlobalSection(SolutionConfigurationPlatforms) = preSolution
		Debug|Any CPU = Debug|Any CPU
		Release|Any CPU = Release|Any CPU
	EndGlobalSection
	GlobalSection(ProjectConfigurationPlatforms) = postSolution
		{E806D382-E713-44D4-91A6-FFD03139FD8F}.Debug|Any CPU.ActiveCfg = Debug|Any CPU
		{E806D382-E713-44D4-91A6-FFD03139FD8F}.Debug|Any CPU.Build.0 = Debug|Any CPU
		{E806D382-E713-44D4-91A6-FFD03139FD8F}.Release|Any CPU.ActiveCfg = Release|Any CPU
		{E806D382-E713-44D4-91A6-FFD03139FD8F}.Release|Any CPU.Build.0 = Release|Any CPU
		{3D2FCD46-FCCA-48FC-85C8-A52CD731FFA5}.Debug|Any CPU.ActiveCfg = Debug|Any CPU
		{3D2FCD46-FCCA-48FC-85C8-A52CD731FFA5}.Debug|Any CPU.Build.0 = Debug|Any CPU
		{3D2FCD46-FCCA-48FC-85C8-A52CD731FFA5}.Release|Any CPU.ActiveCfg = Release|Any CPU
		{3D2FCD46-FCCA-48FC-85C8-A52CD731FFA5}.Release|Any CPU.Build.0 = Release|Any CPU
	EndGlobalSection
	GlobalSection(SolutionProperties) = preSolution
		HideSolutionNode = FALSE
	EndGlobalSection
EndGlobal
